
Microsoft Visual Studio Solution File, Format Version 12.00
# Visual Studio Version 16
VisualStudioVersion = 16.0.29926.136
MinimumVisualStudioVersion = 10.0.40219.1
Project("{9A19103F-16F7-4668-BE54-9A1E7A4F7556}") = "WebAPI", "WebAPI\WebAPI.csproj", "{E07BAEA5-CCBF-4F91-B08A-0FEDE159893E}"
EndProject
Project("{9A19103F-16F7-4668-BE54-9A1E7A4F7556}") = "WebAPI.Domain", "WebAPI.Domain\WebAPI.Domain.csproj", "{9D4E08A2-1CDE-4D0D-B4EA-78F4DD0059F6}"
EndProject
Project("{9A19103F-16F7-4668-BE54-9A1E7A4F7556}") = "WebAPI.Repository", "WebAPI.Repository\WebAPI.Repository.csproj", "{6FA9D4EB-02D9-4EB4-A7EC-36DAD7F46728}"
EndProject
Project("{9A19103F-16F7-4668-BE54-9A1E7A4F7556}") = "WebAPI.Service", "WebAPI.Service\WebAPI.Service.csproj", "{E025462E-2873-44E7-8B93-759424E44838}"
EndProject
Global
	GlobalSection(SolutionConfigurationPlatforms) = preSolution
		Debug|Any CPU = Debug|Any CPU
		Release|Any CPU = Release|Any CPU
	EndGlobalSection
	GlobalSection(ProjectConfigurationPlatforms) = postSolution
		{E07BAEA5-CCBF-4F91-B08A-0FEDE159893E}.Debug|Any CPU.ActiveCfg = Debug|Any CPU
		{E07BAEA5-CCBF-4F91-B08A-0FEDE159893E}.Debug|Any CPU.Build.0 = Debug|Any CPU
		{E07BAEA5-CCBF-4F91-B08A-0FEDE159893E}.Release|Any CPU.ActiveCfg = Release|Any CPU
		{E07BAEA5-CCBF-4F91-B08A-0FEDE159893E}.Release|Any CPU.Build.0 = Release|Any CPU
		{9D4E08A2-1CDE-4D0D-B4EA-78F4DD0059F6}.Debug|Any CPU.ActiveCfg = Debug|Any CPU
		{9D4E08A2-1CDE-4D0D-B4EA-78F4DD0059F6}.Debug|Any CPU.Build.0 = Debug|Any CPU
		{9D4E08A2-1CDE-4D0D-B4EA-78F4DD0059F6}.Release|Any CPU.ActiveCfg = Release|Any CPU
		{9D4E08A2-1CDE-4D0D-B4EA-78F4DD0059F6}.Release|Any CPU.Build.0 = Release|Any CPU
		{6FA9D4EB-02D9-4EB4-A7EC-36DAD7F46728}.Debug|Any CPU.ActiveCfg = Debug|Any CPU
		{6FA9D4EB-02D9-4EB4-A7EC-36DAD7F46728}.Debug|Any CPU.Build.0 = Debug|Any CPU
		{6FA9D4EB-02D9-4EB4-A7EC-36DAD7F46728}.Release|Any CPU.ActiveCfg = Release|Any CPU
		{6FA9D4EB-02D9-4EB4-A7EC-36DAD7F46728}.Release|Any CPU.Build.0 = Release|Any CPU
		{E025462E-2873-44E7-8B93-759424E44838}.Debug|Any CPU.ActiveCfg = Debug|Any CPU
		{E025462E-2873-44E7-8B93-759424E44838}.Debug|Any CPU.Build.0 = Debug|Any CPU
		{E025462E-2873-44E7-8B93-759424E44838}.Release|Any CPU.ActiveCfg = Release|Any CPU
		{E025462E-2873-44E7-8B93-759424E44838}.Release|Any CPU.Build.0 = Release|Any CPU
	EndGlobalSection
	GlobalSection(SolutionProperties) = preSolution
		HideSolutionNode = FALSE
	EndGlobalSection
	GlobalSection(ExtensibilityGlobals) = postSolution
		SolutionGuid = {E30BDBEC-1388-4278-A5AE-C56ADF3FB55F}
	EndGlobalSection
EndGlobal
